// !$*UTF8*$!
{
	archiveVersion = 1;
	classes = {
	};
	objectVersion = 55;
	objects = {

/* Begin PBXBuildFile section */
		98374D01274AC63200DDEB20 /* AppDelegate.swift in Sources */ = {isa = PBXBuildFile; fileRef = 98374D00274AC63200DDEB20 /* AppDelegate.swift */; };
		98374D03274AC63200DDEB20 /* SceneDelegate.swift in Sources */ = {isa = PBXBuildFile; fileRef = 98374D02274AC63200DDEB20 /* SceneDelegate.swift */; };
		98374D05274AC63200DDEB20 /* ViewController.swift in Sources */ = {isa = PBXBuildFile; fileRef = 98374D04274AC63200DDEB20 /* ViewController.swift */; };
		98374D08274AC63200DDEB20 /* Main.storyboard in Resources */ = {isa = PBXBuildFile; fileRef = 98374D06274AC63200DDEB20 /* Main.storyboard */; };
		98374D0A274AC63400DDEB20 /* Assets.xcassets in Resources */ = {isa = PBXBuildFile; fileRef = 98374D09274AC63400DDEB20 /* Assets.xcassets */; };
		98374D0D274AC63400DDEB20 /* LaunchScreen.storyboard in Resources */ = {isa = PBXBuildFile; fileRef = 98374D0B274AC63400DDEB20 /* LaunchScreen.storyboard */; };
		98374D18274AC63400DDEB20 /* ToDoAppTests.swift in Sources */ = {isa = PBXBuildFile; fileRef = 98374D17274AC63400DDEB20 /* ToDoAppTests.swift */; };
		98374D22274AC63400DDEB20 /* ToDoAppUITests.swift in Sources */ = {isa = PBXBuildFile; fileRef = 98374D21274AC63400DDEB20 /* ToDoAppUITests.swift */; };
		98374D24274AC63400DDEB20 /* ToDoAppUITestsLaunchTests.swift in Sources */ = {isa = PBXBuildFile; fileRef = 98374D23274AC63400DDEB20 /* ToDoAppUITestsLaunchTests.swift */; };
		98374D3C274AE3B700DDEB20 /* TaskTests.swift in Sources */ = {isa = PBXBuildFile; fileRef = 98374D3B274AE3B700DDEB20 /* TaskTests.swift */; };
		98374D41274AE4B400DDEB20 /* Task.swift in Sources */ = {isa = PBXBuildFile; fileRef = 98374D40274AE4B400DDEB20 /* Task.swift */; };
		98DE5F4A274B6ACB00CF97A0 /* Location.swift in Sources */ = {isa = PBXBuildFile; fileRef = 98DE5F49274B6ACB00CF97A0 /* Location.swift */; };
		98DE5F4C274B6C1500CF97A0 /* LocationTests.swift in Sources */ = {isa = PBXBuildFile; fileRef = 98DE5F4B274B6C1500CF97A0 /* LocationTests.swift */; };
		98DE5F4F274BBE5700CF97A0 /* TaskManagerTests.swift in Sources */ = {isa = PBXBuildFile; fileRef = 98DE5F4E274BBE5700CF97A0 /* TaskManagerTests.swift */; };
		98DE5F52274BBF2800CF97A0 /* TaskManager.swift in Sources */ = {isa = PBXBuildFile; fileRef = 98DE5F51274BBF2800CF97A0 /* TaskManager.swift */; };
/* End PBXBuildFile section */

/* Begin PBXContainerItemProxy section */
		98374D14274AC63400DDEB20 /* PBXContainerItemProxy */ = {
			isa = PBXContainerItemProxy;
			containerPortal = 98374CF5274AC63200DDEB20 /* Project object */;
			proxyType = 1;
			remoteGlobalIDString = 98374CFC274AC63200DDEB20;
			remoteInfo = ToDoApp;
		};
		98374D1E274AC63400DDEB20 /* PBXContainerItemProxy */ = {
			isa = PBXContainerItemProxy;
			containerPortal = 98374CF5274AC63200DDEB20 /* Project object */;
			proxyType = 1;
			remoteGlobalIDString = 98374CFC274AC63200DDEB20;
			remoteInfo = ToDoApp;
		};
/* End PBXContainerItemProxy section */

/* Begin PBXFileReference section */
		98374CFD274AC63200DDEB20 /* ToDoApp.app */ = {isa = PBXFileReference; explicitFileType = wrapper.application; includeInIndex = 0; path = ToDoApp.app; sourceTree = BUILT_PRODUCTS_DIR; };
		98374D00274AC63200DDEB20 /* AppDelegate.swift */ = {isa = PBXFileReference; lastKnownFileType = sourcecode.swift; path = AppDelegate.swift; sourceTree = "<group>"; };
		98374D02274AC63200DDEB20 /* SceneDelegate.swift */ = {isa = PBXFileReference; lastKnownFileType = sourcecode.swift; path = SceneDelegate.swift; sourceTree = "<group>"; };
		98374D04274AC63200DDEB20 /* ViewController.swift */ = {isa = PBXFileReference; lastKnownFileType = sourcecode.swift; path = ViewController.swift; sourceTree = "<group>"; };
		98374D07274AC63200DDEB20 /* Base */ = {isa = PBXFileReference; lastKnownFileType = file.storyboard; name = Base; path = Base.lproj/Main.storyboard; sourceTree = "<group>"; };
		98374D09274AC63400DDEB20 /* Assets.xcassets */ = {isa = PBXFileReference; lastKnownFileType = folder.assetcatalog; path = Assets.xcassets; sourceTree = "<group>"; };
		98374D0C274AC63400DDEB20 /* Base */ = {isa = PBXFileReference; lastKnownFileType = file.storyboard; name = Base; path = Base.lproj/LaunchScreen.storyboard; sourceTree = "<group>"; };
		98374D0E274AC63400DDEB20 /* Info.plist */ = {isa = PBXFileReference; lastKnownFileType = text.plist.xml; path = Info.plist; sourceTree = "<group>"; };
		98374D13274AC63400DDEB20 /* ToDoAppTests.xctest */ = {isa = PBXFileReference; explicitFileType = wrapper.cfbundle; includeInIndex = 0; path = ToDoAppTests.xctest; sourceTree = BUILT_PRODUCTS_DIR; };
		98374D17274AC63400DDEB20 /* ToDoAppTests.swift */ = {isa = PBXFileReference; lastKnownFileType = sourcecode.swift; path = ToDoAppTests.swift; sourceTree = "<group>"; };
		98374D1D274AC63400DDEB20 /* ToDoAppUITests.xctest */ = {isa = PBXFileReference; explicitFileType = wrapper.cfbundle; includeInIndex = 0; path = ToDoAppUITests.xctest; sourceTree = BUILT_PRODUCTS_DIR; };
		98374D21274AC63400DDEB20 /* ToDoAppUITests.swift */ = {isa = PBXFileReference; lastKnownFileType = sourcecode.swift; path = ToDoAppUITests.swift; sourceTree = "<group>"; };
		98374D23274AC63400DDEB20 /* ToDoAppUITestsLaunchTests.swift */ = {isa = PBXFileReference; lastKnownFileType = sourcecode.swift; path = ToDoAppUITestsLaunchTests.swift; sourceTree = "<group>"; };
		98374D3B274AE3B700DDEB20 /* TaskTests.swift */ = {isa = PBXFileReference; lastKnownFileType = sourcecode.swift; path = TaskTests.swift; sourceTree = "<group>"; };
		98374D40274AE4B400DDEB20 /* Task.swift */ = {isa = PBXFileReference; lastKnownFileType = sourcecode.swift; name = Task.swift; path = ToDoAppTests/Task.swift; sourceTree = SOURCE_ROOT; };
		98DE5F49274B6ACB00CF97A0 /* Location.swift */ = {isa = PBXFileReference; lastKnownFileType = sourcecode.swift; name = Location.swift; path = ToDoAppTests/Location.swift; sourceTree = SOURCE_ROOT; };
		98DE5F4B274B6C1500CF97A0 /* LocationTests.swift */ = {isa = PBXFileReference; lastKnownFileType = sourcecode.swift; path = LocationTests.swift; sourceTree = "<group>"; };
		98DE5F4E274BBE5700CF97A0 /* TaskManagerTests.swift */ = {isa = PBXFileReference; lastKnownFileType = sourcecode.swift; path = TaskManagerTests.swift; sourceTree = "<group>"; };
		98DE5F51274BBF2800CF97A0 /* TaskManager.swift */ = {isa = PBXFileReference; lastKnownFileType = sourcecode.swift; path = TaskManager.swift; sourceTree = "<group>"; };
/* End PBXFileReference section */

/* Begin PBXFrameworksBuildPhase section */
		98374CFA274AC63200DDEB20 /* Frameworks */ = {
			isa = PBXFrameworksBuildPhase;
			buildActionMask = 2147483647;
			files = (
			);
			runOnlyForDeploymentPostprocessing = 0;
		};
		98374D10274AC63400DDEB20 /* Frameworks */ = {
			isa = PBXFrameworksBuildPhase;
			buildActionMask = 2147483647;
			files = (
			);
			runOnlyForDeploymentPostprocessing = 0;
		};
		98374D1A274AC63400DDEB20 /* Frameworks */ = {
			isa = PBXFrameworksBuildPhase;
			buildActionMask = 2147483647;
			files = (
			);
			runOnlyForDeploymentPostprocessing = 0;
		};
/* End PBXFrameworksBuildPhase section */

/* Begin PBXGroup section */
		98374CF4274AC63200DDEB20 = {
			isa = PBXGroup;
			children = (
				98374CFF274AC63200DDEB20 /* ToDoApp */,
				98374D16274AC63400DDEB20 /* ToDoAppTests */,
				98374D20274AC63400DDEB20 /* ToDoAppUITests */,
				98374CFE274AC63200DDEB20 /* Products */,
			);
			sourceTree = "<group>";
		};
		98374CFE274AC63200DDEB20 /* Products */ = {
			isa = PBXGroup;
			children = (
				98374CFD274AC63200DDEB20 /* ToDoApp.app */,
				98374D13274AC63400DDEB20 /* ToDoAppTests.xctest */,
				98374D1D274AC63400DDEB20 /* ToDoAppUITests.xctest */,
			);
			name = Products;
			sourceTree = "<group>";
		};
		98374CFF274AC63200DDEB20 /* ToDoApp */ = {
			isa = PBXGroup;
			children = (
				98DE5F50274BBF1700CF97A0 /* Manager */,
				98374D32274AC65E00DDEB20 /* Controller */,
				98374D31274AC65800DDEB20 /* View */,
				98374D30274AC65100DDEB20 /* Model */,
				98374D33274AC67D00DDEB20 /* Supporting files */,
			);
			path = ToDoApp;
			sourceTree = "<group>";
		};
		98374D16274AC63400DDEB20 /* ToDoAppTests */ = {
			isa = PBXGroup;
			children = (
				98DE5F4D274BBE2400CF97A0 /* Manager */,
				98374D17274AC63400DDEB20 /* ToDoAppTests.swift */,
				98374D3D274AE3C000DDEB20 /* Model */,
			);
			path = ToDoAppTests;
			sourceTree = "<group>";
		};
		98374D20274AC63400DDEB20 /* ToDoAppUITests */ = {
			isa = PBXGroup;
			children = (
				98374D21274AC63400DDEB20 /* ToDoAppUITests.swift */,
				98374D23274AC63400DDEB20 /* ToDoAppUITestsLaunchTests.swift */,
			);
			path = ToDoAppUITests;
			sourceTree = "<group>";
		};
		98374D30274AC65100DDEB20 /* Model */ = {
			isa = PBXGroup;
			children = (
				98374D40274AE4B400DDEB20 /* Task.swift */,
				98DE5F49274B6ACB00CF97A0 /* Location.swift */,
			);
			path = Model;
			sourceTree = "<group>";
		};
		98374D31274AC65800DDEB20 /* View */ = {
			isa = PBXGroup;
			children = (
			);
			path = View;
			sourceTree = "<group>";
		};
		98374D32274AC65E00DDEB20 /* Controller */ = {
			isa = PBXGroup;
			children = (
				98374D04274AC63200DDEB20 /* ViewController.swift */,
			);
			path = Controller;
			sourceTree = "<group>";
		};
		98374D33274AC67D00DDEB20 /* Supporting files */ = {
			isa = PBXGroup;
			children = (
				98374D00274AC63200DDEB20 /* AppDelegate.swift */,
				98374D02274AC63200DDEB20 /* SceneDelegate.swift */,
				98374D06274AC63200DDEB20 /* Main.storyboard */,
				98374D09274AC63400DDEB20 /* Assets.xcassets */,
				98374D0B274AC63400DDEB20 /* LaunchScreen.storyboard */,
				98374D0E274AC63400DDEB20 /* Info.plist */,
			);
			name = "Supporting files";
			sourceTree = "<group>";
		};
		98374D3D274AE3C000DDEB20 /* Model */ = {
			isa = PBXGroup;
			children = (
				98374D3B274AE3B700DDEB20 /* TaskTests.swift */,
				98DE5F4B274B6C1500CF97A0 /* LocationTests.swift */,
			);
			name = Model;
			sourceTree = "<group>";
		};
		98DE5F4D274BBE2400CF97A0 /* Manager */ = {
			isa = PBXGroup;
			children = (
				98DE5F4E274BBE5700CF97A0 /* TaskManagerTests.swift */,
			);
			name = Manager;
			sourceTree = "<group>";
		};
		98DE5F50274BBF1700CF97A0 /* Manager */ = {
			isa = PBXGroup;
			children = (
				98DE5F51274BBF2800CF97A0 /* TaskManager.swift */,
			);
			path = Manager;
			sourceTree = "<group>";
		};
/* End PBXGroup section */

/* Begin PBXNativeTarget section */
		98374CFC274AC63200DDEB20 /* ToDoApp */ = {
			isa = PBXNativeTarget;
			buildConfigurationList = 98374D27274AC63400DDEB20 /* Build configuration list for PBXNativeTarget "ToDoApp" */;
			buildPhases = (
				98374CF9274AC63200DDEB20 /* Sources */,
				98374CFA274AC63200DDEB20 /* Frameworks */,
				98374CFB274AC63200DDEB20 /* Resources */,
			);
			buildRules = (
			);
			dependencies = (
			);
			name = ToDoApp;
			productName = ToDoApp;
			productReference = 98374CFD274AC63200DDEB20 /* ToDoApp.app */;
			productType = "com.apple.product-type.application";
		};
		98374D12274AC63400DDEB20 /* ToDoAppTests */ = {
			isa = PBXNativeTarget;
			buildConfigurationList = 98374D2A274AC63400DDEB20 /* Build configuration list for PBXNativeTarget "ToDoAppTests" */;
			buildPhases = (
				98374D0F274AC63400DDEB20 /* Sources */,
				98374D10274AC63400DDEB20 /* Frameworks */,
				98374D11274AC63400DDEB20 /* Resources */,
			);
			buildRules = (
			);
			dependencies = (
				98374D15274AC63400DDEB20 /* PBXTargetDependency */,
			);
			name = ToDoAppTests;
			productName = ToDoAppTests;
			productReference = 98374D13274AC63400DDEB20 /* ToDoAppTests.xctest */;
			productType = "com.apple.product-type.bundle.unit-test";
		};
		98374D1C274AC63400DDEB20 /* ToDoAppUITests */ = {
			isa = PBXNativeTarget;
			buildConfigurationList = 98374D2D274AC63400DDEB20 /* Build configuration list for PBXNativeTarget "ToDoAppUITests" */;
			buildPhases = (
				98374D19274AC63400DDEB20 /* Sources */,
				98374D1A274AC63400DDEB20 /* Frameworks */,
				98374D1B274AC63400DDEB20 /* Resources */,
			);
			buildRules = (
			);
			dependencies = (
				98374D1F274AC63400DDEB20 /* PBXTargetDependency */,
			);
			name = ToDoAppUITests;
			productName = ToDoAppUITests;
			productReference = 98374D1D274AC63400DDEB20 /* ToDoAppUITests.xctest */;
			productType = "com.apple.product-type.bundle.ui-testing";
		};
/* End PBXNativeTarget section */

/* Begin PBXProject section */
		98374CF5274AC63200DDEB20 /* Project object */ = {
			isa = PBXProject;
			attributes = {
				BuildIndependentTargetsInParallel = 1;
				LastSwiftUpdateCheck = 1310;
				LastUpgradeCheck = 1310;
				TargetAttributes = {
					98374CFC274AC63200DDEB20 = {
						CreatedOnToolsVersion = 13.1;
					};
					98374D12274AC63400DDEB20 = {
						CreatedOnToolsVersion = 13.1;
						TestTargetID = 98374CFC274AC63200DDEB20;
					};
					98374D1C274AC63400DDEB20 = {
						CreatedOnToolsVersion = 13.1;
						TestTargetID = 98374CFC274AC63200DDEB20;
					};
				};
			};
			buildConfigurationList = 98374CF8274AC63200DDEB20 /* Build configuration list for PBXProject "ToDoApp" */;
			compatibilityVersion = "Xcode 13.0";
			developmentRegion = en;
			hasScannedForEncodings = 0;
			knownRegions = (
				en,
				Base,
			);
			mainGroup = 98374CF4274AC63200DDEB20;
			productRefGroup = 98374CFE274AC63200DDEB20 /* Products */;
			projectDirPath = "";
			projectRoot = "";
			targets = (
				98374CFC274AC63200DDEB20 /* ToDoApp */,
				98374D12274AC63400DDEB20 /* ToDoAppTests */,
				98374D1C274AC63400DDEB20 /* ToDoAppUITests */,
			);
		};
/* End PBXProject section */

/* Begin PBXResourcesBuildPhase section */
		98374CFB274AC63200DDEB20 /* Resources */ = {
			isa = PBXResourcesBuildPhase;
			buildActionMask = 2147483647;
			files = (
				98374D0D274AC63400DDEB20 /* LaunchScreen.storyboard in Resources */,
				98374D0A274AC63400DDEB20 /* Assets.xcassets in Resources */,
				98374D08274AC63200DDEB20 /* Main.storyboard in Resources */,
			);
			runOnlyForDeploymentPostprocessing = 0;
		};
		98374D11274AC63400DDEB20 /* Resources */ = {
			isa = PBXResourcesBuildPhase;
			buildActionMask = 2147483647;
			files = (
			);
			runOnlyForDeploymentPostprocessing = 0;
		};
		98374D1B274AC63400DDEB20 /* Resources */ = {
			isa = PBXResourcesBuildPhase;
			buildActionMask = 2147483647;
			files = (
			);
			runOnlyForDeploymentPostprocessing = 0;
		};
/* End PBXResourcesBuildPhase section */

/* Begin PBXSourcesBuildPhase section */
		98374CF9274AC63200DDEB20 /* Sources */ = {
			isa = PBXSourcesBuildPhase;
			buildActionMask = 2147483647;
			files = (
				98DE5F52274BBF2800CF97A0 /* TaskManager.swift in Sources */,
				98374D41274AE4B400DDEB20 /* Task.swift in Sources */,
				98374D05274AC63200DDEB20 /* ViewController.swift in Sources */,
				98DE5F4A274B6ACB00CF97A0 /* Location.swift in Sources */,
				98374D01274AC63200DDEB20 /* AppDelegate.swift in Sources */,
				98374D03274AC63200DDEB20 /* SceneDelegate.swift in Sources */,
			);
			runOnlyForDeploymentPostprocessing = 0;
		};
		98374D0F274AC63400DDEB20 /* Sources */ = {
			isa = PBXSourcesBuildPhase;
			buildActionMask = 2147483647;
			files = (
				98374D3C274AE3B700DDEB20 /* TaskTests.swift in Sources */,
				98DE5F4C274B6C1500CF97A0 /* LocationTests.swift in Sources */,
				98DE5F4F274BBE5700CF97A0 /* TaskManagerTests.swift in Sources */,
				98374D18274AC63400DDEB20 /* ToDoAppTests.swift in Sources */,
			);
			runOnlyForDeploymentPostprocessing = 0;
		};
		98374D19274AC63400DDEB20 /* Sources */ = {
			isa = PBXSourcesBuildPhase;
			buildActionMask = 2147483647;
			files = (
				98374D24274AC63400DDEB20 /* ToDoAppUITestsLaunchTests.swift in Sources */,
				98374D22274AC63400DDEB20 /* ToDoAppUITests.swift in Sources */,
			);
			runOnlyForDeploymentPostprocessing = 0;
		};
/* End PBXSourcesBuildPhase section */

/* Begin PBXTargetDependency section */
		98374D15274AC63400DDEB20 /* PBXTargetDependency */ = {
			isa = PBXTargetDependency;
			target = 98374CFC274AC63200DDEB20 /* ToDoApp */;
			targetProxy = 98374D14274AC63400DDEB20 /* PBXContainerItemProxy */;
		};
		98374D1F274AC63400DDEB20 /* PBXTargetDependency */ = {
			isa = PBXTargetDependency;
			target = 98374CFC274AC63200DDEB20 /* ToDoApp */;
			targetProxy = 98374D1E274AC63400DDEB20 /* PBXContainerItemProxy */;
		};
/* End PBXTargetDependency section */

/* Begin PBXVariantGroup section */
		98374D06274AC63200DDEB20 /* Main.storyboard */ = {
			isa = PBXVariantGroup;
			children = (
				98374D07274AC63200DDEB20 /* Base */,
			);
			name = Main.storyboard;
			sourceTree = "<group>";
		};
		98374D0B274AC63400DDEB20 /* LaunchScreen.storyboard */ = {
			isa = PBXVariantGroup;
			children = (
				98374D0C274AC63400DDEB20 /* Base */,
			);
			name = LaunchScreen.storyboard;
			sourceTree = "<group>";
		};
/* End PBXVariantGroup section */

/* Begin XCBuildConfiguration section */
		98374D25274AC63400DDEB20 /* Debug */ = {
			isa = XCBuildConfiguration;
			buildSettings = {
				ALWAYS_SEARCH_USER_PATHS = NO;
				CLANG_ANALYZER_NONNULL = YES;
				CLANG_ANALYZER_NUMBER_OBJECT_CONVERSION = YES_AGGRESSIVE;
				CLANG_CXX_LANGUAGE_STANDARD = "gnu++17";
				CLANG_CXX_LIBRARY = "libc++";
				CLANG_ENABLE_MODULES = YES;
				CLANG_ENABLE_OBJC_ARC = YES;
				CLANG_ENABLE_OBJC_WEAK = YES;
				CLANG_WARN_BLOCK_CAPTURE_AUTORELEASING = YES;
				CLANG_WARN_BOOL_CONVERSION = YES;
				CLANG_WARN_COMMA = YES;
				CLANG_WARN_CONSTANT_CONVERSION = YES;
				CLANG_WARN_DEPRECATED_OBJC_IMPLEMENTATIONS = YES;
				CLANG_WARN_DIRECT_OBJC_ISA_USAGE = YES_ERROR;
				CLANG_WARN_DOCUMENTATION_COMMENTS = YES;
				CLANG_WARN_EMPTY_BODY = YES;
				CLANG_WARN_ENUM_CONVERSION = YES;
				CLANG_WARN_INFINITE_RECURSION = YES;
				CLANG_WARN_INT_CONVERSION = YES;
				CLANG_WARN_NON_LITERAL_NULL_CONVERSION = YES;
				CLANG_WARN_OBJC_IMPLICIT_RETAIN_SELF = YES;
				CLANG_WARN_OBJC_LITERAL_CONVERSION = YES;
				CLANG_WARN_OBJC_ROOT_CLASS = YES_ERROR;
				CLANG_WARN_QUOTED_INCLUDE_IN_FRAMEWORK_HEADER = YES;
				CLANG_WARN_RANGE_LOOP_ANALYSIS = YES;
				CLANG_WARN_STRICT_PROTOTYPES = YES;
				CLANG_WARN_SUSPICIOUS_MOVE = YES;
				CLANG_WARN_UNGUARDED_AVAILABILITY = YES_AGGRESSIVE;
				CLANG_WARN_UNREACHABLE_CODE = YES;
				CLANG_WARN__DUPLICATE_METHOD_MATCH = YES;
				COPY_PHASE_STRIP = NO;
				DEBUG_INFORMATION_FORMAT = dwarf;
				ENABLE_STRICT_OBJC_MSGSEND = YES;
				ENABLE_TESTABILITY = YES;
				GCC_C_LANGUAGE_STANDARD = gnu11;
				GCC_DYNAMIC_NO_PIC = NO;
				GCC_NO_COMMON_BLOCKS = YES;
				GCC_OPTIMIZATION_LEVEL = 0;
				GCC_PREPROCESSOR_DEFINITIONS = (
					"DEBUG=1",
					"$(inherited)",
				);
				GCC_WARN_64_TO_32_BIT_CONVERSION = YES;
				GCC_WARN_ABOUT_RETURN_TYPE = YES_ERROR;
				GCC_WARN_UNDECLARED_SELECTOR = YES;
				GCC_WARN_UNINITIALIZED_AUTOS = YES_AGGRESSIVE;
				GCC_WARN_UNUSED_FUNCTION = YES;
				GCC_WARN_UNUSED_VARIABLE = YES;
				IPHONEOS_DEPLOYMENT_TARGET = 15.0;
				MTL_ENABLE_DEBUG_INFO = INCLUDE_SOURCE;
				MTL_FAST_MATH = YES;
				ONLY_ACTIVE_ARCH = YES;
				SDKROOT = iphoneos;
				SWIFT_ACTIVE_COMPILATION_CONDITIONS = DEBUG;
				SWIFT_OPTIMIZATION_LEVEL = "-Onone";
			};
			name = Debug;
		};
		98374D26274AC63400DDEB20 /* Release */ = {
			isa = XCBuildConfiguration;
			buildSettings = {
				ALWAYS_SEARCH_USER_PATHS = NO;
				CLANG_ANALYZER_NONNULL = YES;
				CLANG_ANALYZER_NUMBER_OBJECT_CONVERSION = YES_AGGRESSIVE;
				CLANG_CXX_LANGUAGE_STANDARD = "gnu++17";
				CLANG_CXX_LIBRARY = "libc++";
				CLANG_ENABLE_MODULES = YES;
				CLANG_ENABLE_OBJC_ARC = YES;
				CLANG_ENABLE_OBJC_WEAK = YES;
				CLANG_WARN_BLOCK_CAPTURE_AUTORELEASING = YES;
				CLANG_WARN_BOOL_CONVERSION = YES;
				CLANG_WARN_COMMA = YES;
				CLANG_WARN_CONSTANT_CONVERSION = YES;
				CLANG_WARN_DEPRECATED_OBJC_IMPLEMENTATIONS = YES;
				CLANG_WARN_DIRECT_OBJC_ISA_USAGE = YES_ERROR;
				CLANG_WARN_DOCUMENTATION_COMMENTS = YES;
				CLANG_WARN_EMPTY_BODY = YES;
				CLANG_WARN_ENUM_CONVERSION = YES;
				CLANG_WARN_INFINITE_RECURSION = YES;
				CLANG_WARN_INT_CONVERSION = YES;
				CLANG_WARN_NON_LITERAL_NULL_CONVERSION = YES;
				CLANG_WARN_OBJC_IMPLICIT_RETAIN_SELF = YES;
				CLANG_WARN_OBJC_LITERAL_CONVERSION = YES;
				CLANG_WARN_OBJC_ROOT_CLASS = YES_ERROR;
				CLANG_WARN_QUOTED_INCLUDE_IN_FRAMEWORK_HEADER = YES;
				CLANG_WARN_RANGE_LOOP_ANALYSIS = YES;
				CLANG_WARN_STRICT_PROTOTYPES = YES;
				CLANG_WARN_SUSPICIOUS_MOVE = YES;
				CLANG_WARN_UNGUARDED_AVAILABILITY = YES_AGGRESSIVE;
				CLANG_WARN_UNREACHABLE_CODE = YES;
				CLANG_WARN__DUPLICATE_METHOD_MATCH = YES;
				COPY_PHASE_STRIP = NO;
				DEBUG_INFORMATION_FORMAT = "dwarf-with-dsym";
				ENABLE_NS_ASSERTIONS = NO;
				ENABLE_STRICT_OBJC_MSGSEND = YES;
				GCC_C_LANGUAGE_STANDARD = gnu11;
				GCC_NO_COMMON_BLOCKS = YES;
				GCC_WARN_64_TO_32_BIT_CONVERSION = YES;
				GCC_WARN_ABOUT_RETURN_TYPE = YES_ERROR;
				GCC_WARN_UNDECLARED_SELECTOR = YES;
				GCC_WARN_UNINITIALIZED_AUTOS = YES_AGGRESSIVE;
				GCC_WARN_UNUSED_FUNCTION = YES;
				GCC_WARN_UNUSED_VARIABLE = YES;
				IPHONEOS_DEPLOYMENT_TARGET = 15.0;
				MTL_ENABLE_DEBUG_INFO = NO;
				MTL_FAST_MATH = YES;
				SDKROOT = iphoneos;
				SWIFT_COMPILATION_MODE = wholemodule;
				SWIFT_OPTIMIZATION_LEVEL = "-O";
				VALIDATE_PRODUCT = YES;
			};
			name = Release;
		};
		98374D28274AC63400DDEB20 /* Debug */ = {
			isa = XCBuildConfiguration;
			buildSettings = {
				ASSETCATALOG_COMPILER_APPICON_NAME = AppIcon;
				ASSETCATALOG_COMPILER_GLOBAL_ACCENT_COLOR_NAME = AccentColor;
				CODE_SIGN_STYLE = Automatic;
				CURRENT_PROJECT_VERSION = 1;
				DEVELOPMENT_TEAM = RXM7CMG453;
				GENERATE_INFOPLIST_FILE = YES;
				INFOPLIST_FILE = ToDoApp/Info.plist;
				INFOPLIST_KEY_UIApplicationSupportsIndirectInputEvents = YES;
				INFOPLIST_KEY_UILaunchStoryboardName = LaunchScreen;
				INFOPLIST_KEY_UIMainStoryboardFile = Main;
				INFOPLIST_KEY_UISupportedInterfaceOrientations_iPad = "UIInterfaceOrientationPortrait UIInterfaceOrientationPortraitUpsideDown UIInterfaceOrientationLandscapeLeft UIInterfaceOrientationLandscapeRight";
				INFOPLIST_KEY_UISupportedInterfaceOrientations_iPhone = "UIInterfaceOrientationPortrait UIInterfaceOrientationLandscapeLeft UIInterfaceOrientationLandscapeRight";
				LD_RUNPATH_SEARCH_PATHS = (
					"$(inherited)",
					"@executable_path/Frameworks",
				);
				MARKETING_VERSION = 1.0;
				PRODUCT_BUNDLE_IDENTIFIER = amirgali.ToDoApp;
				PRODUCT_NAME = "$(TARGET_NAME)";
				SWIFT_EMIT_LOC_STRINGS = YES;
				SWIFT_VERSION = 5.0;
				TARGETED_DEVICE_FAMILY = "1,2";
			};
			name = Debug;
		};
		98374D29274AC63400DDEB20 /* Release */ = {
			isa = XCBuildConfiguration;
			buildSettings = {
				ASSETCATALOG_COMPILER_APPICON_NAME = AppIcon;
				ASSETCATALOG_COMPILER_GLOBAL_ACCENT_COLOR_NAME = AccentColor;
				CODE_SIGN_STYLE = Automatic;
				CURRENT_PROJECT_VERSION = 1;
				DEVELOPMENT_TEAM = RXM7CMG453;
				GENERATE_INFOPLIST_FILE = YES;
				INFOPLIST_FILE = ToDoApp/Info.plist;
				INFOPLIST_KEY_UIApplicationSupportsIndirectInputEvents = YES;
				INFOPLIST_KEY_UILaunchStoryboardName = LaunchScreen;
				INFOPLIST_KEY_UIMainStoryboardFile = Main;
				INFOPLIST_KEY_UISupportedInterfaceOrientations_iPad = "UIInterfaceOrientationPortrait UIInterfaceOrientationPortraitUpsideDown UIInterfaceOrientationLandscapeLeft UIInterfaceOrientationLandscapeRight";
				INFOPLIST_KEY_UISupportedInterfaceOrientations_iPhone = "UIInterfaceOrientationPortrait UIInterfaceOrientationLandscapeLeft UIInterfaceOrientationLandscapeRight";
				LD_RUNPATH_SEARCH_PATHS = (
					"$(inherited)",
					"@executable_path/Frameworks",
				);
				MARKETING_VERSION = 1.0;
				PRODUCT_BUNDLE_IDENTIFIER = amirgali.ToDoApp;
				PRODUCT_NAME = "$(TARGET_NAME)";
				SWIFT_EMIT_LOC_STRINGS = YES;
				SWIFT_VERSION = 5.0;
				TARGETED_DEVICE_FAMILY = "1,2";
			};
			name = Release;
		};
		98374D2B274AC63400DDEB20 /* Debug */ = {
			isa = XCBuildConfiguration;
			buildSettings = {
				ALWAYS_EMBED_SWIFT_STANDARD_LIBRARIES = YES;
				BUNDLE_LOADER = "$(TEST_HOST)";
				CODE_SIGN_STYLE = Automatic;
				CURRENT_PROJECT_VERSION = 1;
				DEVELOPMENT_TEAM = RXM7CMG453;
				GENERATE_INFOPLIST_FILE = YES;
				IPHONEOS_DEPLOYMENT_TARGET = 15.0;
				LD_RUNPATH_SEARCH_PATHS = (
					"$(inherited)",
					"@executable_path/Frameworks",
					"@loader_path/Frameworks",
				);
				MARKETING_VERSION = 1.0;
				PRODUCT_BUNDLE_IDENTIFIER = amirgali.ToDoAppTests;
				PRODUCT_NAME = "$(TARGET_NAME)";
				SWIFT_EMIT_LOC_STRINGS = NO;
				SWIFT_VERSION = 5.0;
				TARGETED_DEVICE_FAMILY = "1,2";
				TEST_HOST = "$(BUILT_PRODUCTS_DIR)/ToDoApp.app/ToDoApp";
			};
			name = Debug;
		};
		98374D2C274AC63400DDEB20 /* Release */ = {
			isa = XCBuildConfiguration;
			buildSettings = {
				ALWAYS_EMBED_SWIFT_STANDARD_LIBRARIES = YES;
				BUNDLE_LOADER = "$(TEST_HOST)";
				CODE_SIGN_STYLE = Automatic;
				CURRENT_PROJECT_VERSION = 1;
				DEVELOPMENT_TEAM = RXM7CMG453;
				GENERATE_INFOPLIST_FILE = YES;
				IPHONEOS_DEPLOYMENT_TARGET = 15.0;
				LD_RUNPATH_SEARCH_PATHS = (
					"$(inherited)",
					"@executable_path/Frameworks",
					"@loader_path/Frameworks",
				);
				MARKETING_VERSION = 1.0;
				PRODUCT_BUNDLE_IDENTIFIER = amirgali.ToDoAppTests;
				PRODUCT_NAME = "$(TARGET_NAME)";
				SWIFT_EMIT_LOC_STRINGS = NO;
				SWIFT_VERSION = 5.0;
				TARGETED_DEVICE_FAMILY = "1,2";
				TEST_HOST = "$(BUILT_PRODUCTS_DIR)/ToDoApp.app/ToDoApp";
			};
			name = Release;
		};
		98374D2E274AC63400DDEB20 /* Debug */ = {
			isa = XCBuildConfiguration;
			buildSettings = {
				ALWAYS_EMBED_SWIFT_STANDARD_LIBRARIES = YES;
				CODE_SIGN_STYLE = Automatic;
				CURRENT_PROJECT_VERSION = 1;
				DEVELOPMENT_TEAM = RXM7CMG453;
				GENERATE_INFOPLIST_FILE = YES;
				LD_RUNPATH_SEARCH_PATHS = (
					"$(inherited)",
					"@executable_path/Frameworks",
					"@loader_path/Frameworks",
				);
				MARKETING_VERSION = 1.0;
				PRODUCT_BUNDLE_IDENTIFIER = amirgali.ToDoAppUITests;
				PRODUCT_NAME = "$(TARGET_NAME)";
				SWIFT_EMIT_LOC_STRINGS = NO;
				SWIFT_VERSION = 5.0;
				TARGETED_DEVICE_FAMILY = "1,2";
				TEST_TARGET_NAME = ToDoApp;
			};
			name = Debug;
		};
		98374D2F274AC63400DDEB20 /* Release */ = {
			isa = XCBuildConfiguration;
			buildSettings = {
				ALWAYS_EMBED_SWIFT_STANDARD_LIBRARIES = YES;
				CODE_SIGN_STYLE = Automatic;
				CURRENT_PROJECT_VERSION = 1;
				DEVELOPMENT_TEAM = RXM7CMG453;
				GENERATE_INFOPLIST_FILE = YES;
				LD_RUNPATH_SEARCH_PATHS = (
					"$(inherited)",
					"@executable_path/Frameworks",
					"@loader_path/Frameworks",
				);
				MARKETING_VERSION = 1.0;
				PRODUCT_BUNDLE_IDENTIFIER = amirgali.ToDoAppUITests;
				PRODUCT_NAME = "$(TARGET_NAME)";
				SWIFT_EMIT_LOC_STRINGS = NO;
				SWIFT_VERSION = 5.0;
				TARGETED_DEVICE_FAMILY = "1,2";
				TEST_TARGET_NAME = ToDoApp;
			};
			name = Release;
		};
/* End XCBuildConfiguration section */

/* Begin XCConfigurationList section */
		98374CF8274AC63200DDEB20 /* Build configuration list for PBXProject "ToDoApp" */ = {
			isa = XCConfigurationList;
			buildConfigurations = (
				98374D25274AC63400DDEB20 /* Debug */,
				98374D26274AC63400DDEB20 /* Release */,
			);
			defaultConfigurationIsVisible = 0;
			defaultConfigurationName = Release;
		};
		98374D27274AC63400DDEB20 /* Build configuration list for PBXNativeTarget "ToDoApp" */ = {
			isa = XCConfigurationList;
			buildConfigurations = (
				98374D28274AC63400DDEB20 /* Debug */,
				98374D29274AC63400DDEB20 /* Release */,
			);
			defaultConfigurationIsVisible = 0;
			defaultConfigurationName = Release;
		};
		98374D2A274AC63400DDEB20 /* Build configuration list for PBXNativeTarget "ToDoAppTests" */ = {
			isa = XCConfigurationList;
			buildConfigurations = (
				98374D2B274AC63400DDEB20 /* Debug */,
				98374D2C274AC63400DDEB20 /* Release */,
			);
			defaultConfigurationIsVisible = 0;
			defaultConfigurationName = Release;
		};
		98374D2D274AC63400DDEB20 /* Build configuration list for PBXNativeTarget "ToDoAppUITests" */ = {
			isa = XCConfigurationList;
			buildConfigurations = (
				98374D2E274AC63400DDEB20 /* Debug */,
				98374D2F274AC63400DDEB20 /* Release */,
			);
			defaultConfigurationIsVisible = 0;
			defaultConfigurationName = Release;
		};
/* End XCConfigurationList section */
	};
	rootObject = 98374CF5274AC63200DDEB20 /* Project object */;
}
